
Microsoft Visual Studio Solution File, Format Version 12.00
# Visual Studio Version 17
VisualStudioVersion = 17.8.34525.116
MinimumVisualStudioVersion = 10.0.40219.1
Project("{FAE04EC0-301F-11D3-BF4B-00C04F79EFBC}") = "Update", "Update\Update.csproj", "{826A9D28-CC8B-488B-B636-0C9EB6F8593B}"
EndProject
Global
	GlobalSection(SolutionConfigurationPlatforms) = preSolution
		Debug|Any CPU = Debug|Any CPU
		Release|Any CPU = Release|Any CPU
	EndGlobalSection
	GlobalSection(ProjectConfigurationPlatforms) = postSolution
		{826A9D28-CC8B-488B-B636-0C9EB6F8593B}.Debug|Any CPU.ActiveCfg = Debug|Any CPU
		{826A9D28-CC8B-488B-B636-0C9EB6F8593B}.Debug|Any CPU.Build.0 = Debug|Any CPU
		{826A9D28-CC8B-488B-B636-0C9EB6F8593B}.Release|Any CPU.ActiveCfg = Release|Any CPU
		{826A9D28-CC8B-488B-B636-0C9EB6F8593B}.Release|Any CPU.Build.0 = Release|Any CPU
	EndGlobalSection
	GlobalSection(SolutionProperties) = preSolution
		HideSolutionNode = FALSE
	EndGlobalSection
	GlobalSection(ExtensibilityGlobals) = postSolution
		SolutionGuid = {09EB8C77-3064-4446-939E-2AE206A9BE3C}
	EndGlobalSection
EndGlobal
